
Microsoft Visual Studio Solution File, Format Version 12.00
Project("{FAE04EC0-301F-11D3-BF4B-00C04F79EFBC}") = "DotCoin3", "DotCoin3\DotCoin3.csproj", "{0397990D-C099-40A7-AD2F-E9D8C31749FA}"
EndProject
Global
	GlobalSection(SolutionConfigurationPlatforms) = preSolution
		Debug|Any CPU = Debug|Any CPU
		Release|Any CPU = Release|Any CPU
	EndGlobalSection
	GlobalSection(ProjectConfigurationPlatforms) = postSolution
		{0397990D-C099-40A7-AD2F-E9D8C31749FA}.Debug|Any CPU.ActiveCfg = Debug|Any CPU
		{0397990D-C099-40A7-AD2F-E9D8C31749FA}.Debug|Any CPU.Build.0 = Debug|Any CPU
		{0397990D-C099-40A7-AD2F-E9D8C31749FA}.Release|Any CPU.ActiveCfg = Release|Any CPU
		{0397990D-C099-40A7-AD2F-E9D8C31749FA}.Release|Any CPU.Build.0 = Release|Any CPU
	EndGlobalSection
EndGlobal
